{
  "requires": true,
  "lockfileVersion": 1,
  "dependencies": {
    "react-bootstrap-dropdown-menu": {
      "version": "1.1.15",
      "resolved": "https://registry.npmjs.org/react-bootstrap-dropdown-menu/-/react-bootstrap-dropdown-menu-1.1.15.tgz",
      "integrity": "sha512-o35fODF4GsNxEzmnRWZuoe29a6x3fXqRsLXOlAvS4d+TvO3yoLTM8iZnSZpJCkHQnjOOWRnGvDh5tryqJCKZ0w=="
    }
  }
}
